
Microsoft Visual Studio Solution File, Format Version 12.00
# Visual Studio 15
VisualStudioVersion = 15.0.26430.15
MinimumVisualStudioVersion = 10.0.40219.1
Project("{FAE04EC0-301F-11D3-BF4B-00C04F79EFBC}") = "ImageClipboard", "ImageClipboard\ImageClipboard.csproj", "{0990DD00-C466-4F4D-B23D-E5B2E06EE442}"
EndProject
Global
	GlobalSection(SolutionConfigurationPlatforms) = preSolution
		Debug|Any CPU = Debug|Any CPU
		Release|Any CPU = Release|Any CPU
	EndGlobalSection
	GlobalSection(ProjectConfigurationPlatforms) = postSolution
		{0990DD00-C466-4F4D-B23D-E5B2E06EE442}.Debug|Any CPU.ActiveCfg = Debug|Any CPU
		{0990DD00-C466-4F4D-B23D-E5B2E06EE442}.Debug|Any CPU.Build.0 = Debug|Any CPU
		{0990DD00-C466-4F4D-B23D-E5B2E06EE442}.Release|Any CPU.ActiveCfg = Release|Any CPU
		{0990DD00-C466-4F4D-B23D-E5B2E06EE442}.Release|Any CPU.Build.0 = Release|Any CPU
	EndGlobalSection
	GlobalSection(SolutionProperties) = preSolution
		HideSolutionNode = FALSE
	EndGlobalSection
EndGlobal
